
Microsoft Visual Studio Solution File, Format Version 12.00
# Visual Studio Version 17
VisualStudioVersion = 17.4.33122.133
MinimumVisualStudioVersion = 10.0.40219.1
Project("{FAE04EC0-301F-11D3-BF4B-00C04F79EFBC}") = "gpro-calculator-backend", "gpro-calculator-backend.csproj", "{6056150A-8BCC-4756-BE90-101626E8701E}"
EndProject
Global
	GlobalSection(SolutionConfigurationPlatforms) = preSolution
		Debug|Any CPU = Debug|Any CPU
		Release|Any CPU = Release|Any CPU
	EndGlobalSection
	GlobalSection(ProjectConfigurationPlatforms) = postSolution
		{6056150A-8BCC-4756-BE90-101626E8701E}.Debug|Any CPU.ActiveCfg = Debug|Any CPU
		{6056150A-8BCC-4756-BE90-101626E8701E}.Debug|Any CPU.Build.0 = Debug|Any CPU
		{6056150A-8BCC-4756-BE90-101626E8701E}.Release|Any CPU.ActiveCfg = Release|Any CPU
		{6056150A-8BCC-4756-BE90-101626E8701E}.Release|Any CPU.Build.0 = Release|Any CPU
	EndGlobalSection
	GlobalSection(SolutionProperties) = preSolution
		HideSolutionNode = FALSE
	EndGlobalSection
	GlobalSection(ExtensibilityGlobals) = postSolution
		SolutionGuid = {1E735F50-0107-4063-9035-1480A8D2DA3F}
	EndGlobalSection
EndGlobal
